// !$*UTF8*$!
{
	archiveVersion = 1;
	classes = {
	};
	objectVersion = 55;
	objects = {

/* Begin PBXBuildFile section */
		6534E32A2841938F0049CD34 /* MovieRepository.swift in Sources */ = {isa = PBXBuildFile; fileRef = 6534E3292841938F0049CD34 /* MovieRepository.swift */; };
		6534E32C284194F30049CD34 /* MovieViewModel.swift in Sources */ = {isa = PBXBuildFile; fileRef = 6534E32B284194F30049CD34 /* MovieViewModel.swift */; };
		657584AA28412CDB00D3212E /* Movie.swift in Sources */ = {isa = PBXBuildFile; fileRef = 657584A928412CDB00D3212E /* Movie.swift */; };
		657584AC28412F7400D3212E /* MovieResponse.swift in Sources */ = {isa = PBXBuildFile; fileRef = 657584AB28412F7400D3212E /* MovieResponse.swift */; };
		657584B028413E7600D3212E /* Resource.swift in Sources */ = {isa = PBXBuildFile; fileRef = 657584AF28413E7600D3212E /* Resource.swift */; };
		657584B228413ED400D3212E /* Status.swift in Sources */ = {isa = PBXBuildFile; fileRef = 657584B128413ED400D3212E /* Status.swift */; };
		659BD646283EC60200B4F607 /* AppDelegate.swift in Sources */ = {isa = PBXBuildFile; fileRef = 659BD645283EC60200B4F607 /* AppDelegate.swift */; };
		659BD648283EC60200B4F607 /* SceneDelegate.swift in Sources */ = {isa = PBXBuildFile; fileRef = 659BD647283EC60200B4F607 /* SceneDelegate.swift */; };
		659BD64A283EC60200B4F607 /* ViewController.swift in Sources */ = {isa = PBXBuildFile; fileRef = 659BD649283EC60200B4F607 /* ViewController.swift */; };
		659BD64D283EC60200B4F607 /* Main.storyboard in Resources */ = {isa = PBXBuildFile; fileRef = 659BD64B283EC60200B4F607 /* Main.storyboard */; };
		659BD650283EC60200B4F607 /* iOS_Movie_App.xcdatamodeld in Sources */ = {isa = PBXBuildFile; fileRef = 659BD64E283EC60200B4F607 /* iOS_Movie_App.xcdatamodeld */; };
		659BD652283EC60200B4F607 /* Assets.xcassets in Resources */ = {isa = PBXBuildFile; fileRef = 659BD651283EC60200B4F607 /* Assets.xcassets */; };
		659BD655283EC60200B4F607 /* LaunchScreen.storyboard in Resources */ = {isa = PBXBuildFile; fileRef = 659BD653283EC60200B4F607 /* LaunchScreen.storyboard */; };
		659BD662283ECBE700B4F607 /* MovieCollectionViewCell.swift in Sources */ = {isa = PBXBuildFile; fileRef = 659BD661283ECBE700B4F607 /* MovieCollectionViewCell.swift */; };
		65B9812928401F7800B7D76E /* ServiceManager.swift in Sources */ = {isa = PBXBuildFile; fileRef = 65B9812828401F7800B7D76E /* ServiceManager.swift */; };
		F7ED3C56B1309E4D180EA217 /* Pods_iOS_Movie_App.framework in Frameworks */ = {isa = PBXBuildFile; fileRef = B7705B34F4561831F88CE84D /* Pods_iOS_Movie_App.framework */; };
/* End PBXBuildFile section */

/* Begin PBXFileReference section */
		45BE453EB6C7886368DA1A37 /* Pods-iOS-Movie-App.release.xcconfig */ = {isa = PBXFileReference; includeInIndex = 1; lastKnownFileType = text.xcconfig; name = "Pods-iOS-Movie-App.release.xcconfig"; path = "Target Support Files/Pods-iOS-Movie-App/Pods-iOS-Movie-App.release.xcconfig"; sourceTree = "<group>"; };
		6534E3292841938F0049CD34 /* MovieRepository.swift */ = {isa = PBXFileReference; lastKnownFileType = sourcecode.swift; path = MovieRepository.swift; sourceTree = "<group>"; };
		6534E32B284194F30049CD34 /* MovieViewModel.swift */ = {isa = PBXFileReference; lastKnownFileType = sourcecode.swift; path = MovieViewModel.swift; sourceTree = "<group>"; };
		657584A928412CDB00D3212E /* Movie.swift */ = {isa = PBXFileReference; lastKnownFileType = sourcecode.swift; path = Movie.swift; sourceTree = "<group>"; };
		657584AB28412F7400D3212E /* MovieResponse.swift */ = {isa = PBXFileReference; lastKnownFileType = sourcecode.swift; path = MovieResponse.swift; sourceTree = "<group>"; };
		657584AF28413E7600D3212E /* Resource.swift */ = {isa = PBXFileReference; lastKnownFileType = sourcecode.swift; path = Resource.swift; sourceTree = "<group>"; };
		657584B128413ED400D3212E /* Status.swift */ = {isa = PBXFileReference; lastKnownFileType = sourcecode.swift; path = Status.swift; sourceTree = "<group>"; };
		659BD642283EC60200B4F607 /* iOS-Movie-App.app */ = {isa = PBXFileReference; explicitFileType = wrapper.application; includeInIndex = 0; path = "iOS-Movie-App.app"; sourceTree = BUILT_PRODUCTS_DIR; };
		659BD645283EC60200B4F607 /* AppDelegate.swift */ = {isa = PBXFileReference; lastKnownFileType = sourcecode.swift; path = AppDelegate.swift; sourceTree = "<group>"; };
		659BD647283EC60200B4F607 /* SceneDelegate.swift */ = {isa = PBXFileReference; lastKnownFileType = sourcecode.swift; path = SceneDelegate.swift; sourceTree = "<group>"; };
		659BD649283EC60200B4F607 /* ViewController.swift */ = {isa = PBXFileReference; lastKnownFileType = sourcecode.swift; path = ViewController.swift; sourceTree = "<group>"; };
		659BD64C283EC60200B4F607 /* Base */ = {isa = PBXFileReference; lastKnownFileType = file.storyboard; name = Base; path = Base.lproj/Main.storyboard; sourceTree = "<group>"; };
		659BD64F283EC60200B4F607 /* iOS_Movie_App.xcdatamodel */ = {isa = PBXFileReference; lastKnownFileType = wrapper.xcdatamodel; path = iOS_Movie_App.xcdatamodel; sourceTree = "<group>"; };
		659BD651283EC60200B4F607 /* Assets.xcassets */ = {isa = PBXFileReference; lastKnownFileType = folder.assetcatalog; path = Assets.xcassets; sourceTree = "<group>"; };
		659BD654283EC60200B4F607 /* Base */ = {isa = PBXFileReference; lastKnownFileType = file.storyboard; name = Base; path = Base.lproj/LaunchScreen.storyboard; sourceTree = "<group>"; };
		659BD656283EC60200B4F607 /* Info.plist */ = {isa = PBXFileReference; lastKnownFileType = text.plist.xml; path = Info.plist; sourceTree = "<group>"; };
		659BD661283ECBE700B4F607 /* MovieCollectionViewCell.swift */ = {isa = PBXFileReference; lastKnownFileType = sourcecode.swift; path = MovieCollectionViewCell.swift; sourceTree = "<group>"; };
		65B9812828401F7800B7D76E /* ServiceManager.swift */ = {isa = PBXFileReference; lastKnownFileType = sourcecode.swift; path = ServiceManager.swift; sourceTree = "<group>"; };
		793437FC425240BA3B09844F /* Pods-iOS-Movie-App.debug.xcconfig */ = {isa = PBXFileReference; includeInIndex = 1; lastKnownFileType = text.xcconfig; name = "Pods-iOS-Movie-App.debug.xcconfig"; path = "Target Support Files/Pods-iOS-Movie-App/Pods-iOS-Movie-App.debug.xcconfig"; sourceTree = "<group>"; };
		B7705B34F4561831F88CE84D /* Pods_iOS_Movie_App.framework */ = {isa = PBXFileReference; explicitFileType = wrapper.framework; includeInIndex = 0; path = Pods_iOS_Movie_App.framework; sourceTree = BUILT_PRODUCTS_DIR; };
/* End PBXFileReference section */

/* Begin PBXFrameworksBuildPhase section */
		659BD63F283EC60200B4F607 /* Frameworks */ = {
			isa = PBXFrameworksBuildPhase;
			buildActionMask = 2147483647;
			files = (
				F7ED3C56B1309E4D180EA217 /* Pods_iOS_Movie_App.framework in Frameworks */,
			);
			runOnlyForDeploymentPostprocessing = 0;
		};
/* End PBXFrameworksBuildPhase section */

/* Begin PBXGroup section */
		6534E3282841934F0049CD34 /* Repository */ = {
			isa = PBXGroup;
			children = (
				6534E3292841938F0049CD34 /* MovieRepository.swift */,
			);
			path = Repository;
			sourceTree = "<group>";
		};
		657584AD284132DE00D3212E /* Service */ = {
			isa = PBXGroup;
			children = (
				65B9812828401F7800B7D76E /* ServiceManager.swift */,
			);
			path = Service;
			sourceTree = "<group>";
		};
		657584AE284132EC00D3212E /* Models */ = {
			isa = PBXGroup;
			children = (
				657584A928412CDB00D3212E /* Movie.swift */,
				657584AB28412F7400D3212E /* MovieResponse.swift */,
				657584AF28413E7600D3212E /* Resource.swift */,
				657584B128413ED400D3212E /* Status.swift */,
			);
			path = Models;
			sourceTree = "<group>";
		};
		659BD639283EC60200B4F607 = {
			isa = PBXGroup;
			children = (
				659BD644283EC60200B4F607 /* iOS-Movie-App */,
				659BD643283EC60200B4F607 /* Products */,
				DB69EA0683B55544D5D8EC38 /* Pods */,
				6FA0D451736B9226B5F08DC6 /* Frameworks */,
			);
			sourceTree = "<group>";
		};
		659BD643283EC60200B4F607 /* Products */ = {
			isa = PBXGroup;
			children = (
				659BD642283EC60200B4F607 /* iOS-Movie-App.app */,
			);
			name = Products;
			sourceTree = "<group>";
		};
		659BD644283EC60200B4F607 /* iOS-Movie-App */ = {
			isa = PBXGroup;
			children = (
				659BD65E283EC6EE00B4F607 /* Model */,
				6534E3282841934F0049CD34 /* Repository */,
				659BD65D283EC6E800B4F607 /* View */,
				659BD65C283EC6DD00B4F607 /* ViewModel */,
				659BD645283EC60200B4F607 /* AppDelegate.swift */,
				659BD647283EC60200B4F607 /* SceneDelegate.swift */,
				659BD651283EC60200B4F607 /* Assets.xcassets */,
				659BD656283EC60200B4F607 /* Info.plist */,
				659BD64E283EC60200B4F607 /* iOS_Movie_App.xcdatamodeld */,
			);
			path = "iOS-Movie-App";
			sourceTree = "<group>";
		};
		659BD65C283EC6DD00B4F607 /* ViewModel */ = {
			isa = PBXGroup;
			children = (
				6534E32B284194F30049CD34 /* MovieViewModel.swift */,
			);
			path = ViewModel;
			sourceTree = "<group>";
		};
		659BD65D283EC6E800B4F607 /* View */ = {
			isa = PBXGroup;
			children = (
				659BD65F283EC6F800B4F607 /* View */,
				659BD660283EC70000B4F607 /* Controller */,
			);
			path = View;
			sourceTree = "<group>";
		};
		659BD65E283EC6EE00B4F607 /* Model */ = {
			isa = PBXGroup;
			children = (
				657584AE284132EC00D3212E /* Models */,
				657584AD284132DE00D3212E /* Service */,
			);
			path = Model;
			sourceTree = "<group>";
		};
		659BD65F283EC6F800B4F607 /* View */ = {
			isa = PBXGroup;
			children = (
				659BD64B283EC60200B4F607 /* Main.storyboard */,
				659BD653283EC60200B4F607 /* LaunchScreen.storyboard */,
				659BD661283ECBE700B4F607 /* MovieCollectionViewCell.swift */,
			);
			path = View;
			sourceTree = "<group>";
		};
		659BD660283EC70000B4F607 /* Controller */ = {
			isa = PBXGroup;
			children = (
				659BD649283EC60200B4F607 /* ViewController.swift */,
			);
			path = Controller;
			sourceTree = "<group>";
		};
		6FA0D451736B9226B5F08DC6 /* Frameworks */ = {
			isa = PBXGroup;
			children = (
				B7705B34F4561831F88CE84D /* Pods_iOS_Movie_App.framework */,
			);
			name = Frameworks;
			sourceTree = "<group>";
		};
		DB69EA0683B55544D5D8EC38 /* Pods */ = {
			isa = PBXGroup;
			children = (
				793437FC425240BA3B09844F /* Pods-iOS-Movie-App.debug.xcconfig */,
				45BE453EB6C7886368DA1A37 /* Pods-iOS-Movie-App.release.xcconfig */,
			);
			path = Pods;
			sourceTree = "<group>";
		};
/* End PBXGroup section */

/* Begin PBXNativeTarget section */
		659BD641283EC60200B4F607 /* iOS-Movie-App */ = {
			isa = PBXNativeTarget;
			buildConfigurationList = 659BD659283EC60200B4F607 /* Build configuration list for PBXNativeTarget "iOS-Movie-App" */;
			buildPhases = (
				41BE2691FC210C0B259C211D /* [CP] Check Pods Manifest.lock */,
				659BD63E283EC60200B4F607 /* Sources */,
				659BD63F283EC60200B4F607 /* Frameworks */,
				659BD640283EC60200B4F607 /* Resources */,
				06102845A4208651A02C4C63 /* [CP] Embed Pods Frameworks */,
			);
			buildRules = (
			);
			dependencies = (
			);
			name = "iOS-Movie-App";
			productName = "iOS-Movie-App";
			productReference = 659BD642283EC60200B4F607 /* iOS-Movie-App.app */;
			productType = "com.apple.product-type.application";
		};
/* End PBXNativeTarget section */

/* Begin PBXProject section */
		659BD63A283EC60200B4F607 /* Project object */ = {
			isa = PBXProject;
			attributes = {
				BuildIndependentTargetsInParallel = 1;
				LastSwiftUpdateCheck = 1330;
				LastUpgradeCheck = 1330;
				TargetAttributes = {
					659BD641283EC60200B4F607 = {
						CreatedOnToolsVersion = 13.3.1;
					};
				};
			};
			buildConfigurationList = 659BD63D283EC60200B4F607 /* Build configuration list for PBXProject "iOS-Movie-App" */;
			compatibilityVersion = "Xcode 13.0";
			developmentRegion = en;
			hasScannedForEncodings = 0;
			knownRegions = (
				en,
				Base,
			);
			mainGroup = 659BD639283EC60200B4F607;
			productRefGroup = 659BD643283EC60200B4F607 /* Products */;
			projectDirPath = "";
			projectRoot = "";
			targets = (
				659BD641283EC60200B4F607 /* iOS-Movie-App */,
			);
		};
/* End PBXProject section */

/* Begin PBXResourcesBuildPhase section */
		659BD640283EC60200B4F607 /* Resources */ = {
			isa = PBXResourcesBuildPhase;
			buildActionMask = 2147483647;
			files = (
				659BD655283EC60200B4F607 /* LaunchScreen.storyboard in Resources */,
				659BD652283EC60200B4F607 /* Assets.xcassets in Resources */,
				659BD64D283EC60200B4F607 /* Main.storyboard in Resources */,
			);
			runOnlyForDeploymentPostprocessing = 0;
		};
/* End PBXResourcesBuildPhase section */

/* Begin PBXShellScriptBuildPhase section */
		06102845A4208651A02C4C63 /* [CP] Embed Pods Frameworks */ = {
			isa = PBXShellScriptBuildPhase;
			buildActionMask = 2147483647;
			files = (
			);
			inputFileListPaths = (
				"${PODS_ROOT}/Target Support Files/Pods-iOS-Movie-App/Pods-iOS-Movie-App-frameworks-${CONFIGURATION}-input-files.xcfilelist",
			);
			name = "[CP] Embed Pods Frameworks";
			outputFileListPaths = (
				"${PODS_ROOT}/Target Support Files/Pods-iOS-Movie-App/Pods-iOS-Movie-App-frameworks-${CONFIGURATION}-output-files.xcfilelist",
			);
			runOnlyForDeploymentPostprocessing = 0;
			shellPath = /bin/sh;
			shellScript = "\"${PODS_ROOT}/Target Support Files/Pods-iOS-Movie-App/Pods-iOS-Movie-App-frameworks.sh\"\n";
			showEnvVarsInLog = 0;
		};
		41BE2691FC210C0B259C211D /* [CP] Check Pods Manifest.lock */ = {
			isa = PBXShellScriptBuildPhase;
			buildActionMask = 2147483647;
			files = (
			);
			inputFileListPaths = (
			);
			inputPaths = (
				"${PODS_PODFILE_DIR_PATH}/Podfile.lock",
				"${PODS_ROOT}/Manifest.lock",
			);
			name = "[CP] Check Pods Manifest.lock";
			outputFileListPaths = (
			);
			outputPaths = (
				"$(DERIVED_FILE_DIR)/Pods-iOS-Movie-App-checkManifestLockResult.txt",
			);
			runOnlyForDeploymentPostprocessing = 0;
			shellPath = /bin/sh;
			shellScript = "diff \"${PODS_PODFILE_DIR_PATH}/Podfile.lock\" \"${PODS_ROOT}/Manifest.lock\" > /dev/null\nif [ $? != 0 ] ; then\n    # print error to STDERR\n    echo \"error: The sandbox is not in sync with the Podfile.lock. Run 'pod install' or update your CocoaPods installation.\" >&2\n    exit 1\nfi\n# This output is used by Xcode 'outputs' to avoid re-running this script phase.\necho \"SUCCESS\" > \"${SCRIPT_OUTPUT_FILE_0}\"\n";
			showEnvVarsInLog = 0;
		};
/* End PBXShellScriptBuildPhase section */

/* Begin PBXSourcesBuildPhase section */
		659BD63E283EC60200B4F607 /* Sources */ = {
			isa = PBXSourcesBuildPhase;
			buildActionMask = 2147483647;
			files = (
				657584AA28412CDB00D3212E /* Movie.swift in Sources */,
				657584B228413ED400D3212E /* Status.swift in Sources */,
				659BD650283EC60200B4F607 /* iOS_Movie_App.xcdatamodeld in Sources */,
				6534E32A2841938F0049CD34 /* MovieRepository.swift in Sources */,
				659BD64A283EC60200B4F607 /* ViewController.swift in Sources */,
				659BD662283ECBE700B4F607 /* MovieCollectionViewCell.swift in Sources */,
				657584B028413E7600D3212E /* Resource.swift in Sources */,
				659BD646283EC60200B4F607 /* AppDelegate.swift in Sources */,
				657584AC28412F7400D3212E /* MovieResponse.swift in Sources */,
				659BD648283EC60200B4F607 /* SceneDelegate.swift in Sources */,
				65B9812928401F7800B7D76E /* ServiceManager.swift in Sources */,
				6534E32C284194F30049CD34 /* MovieViewModel.swift in Sources */,
			);
			runOnlyForDeploymentPostprocessing = 0;
		};
/* End PBXSourcesBuildPhase section */

/* Begin PBXVariantGroup section */
		659BD64B283EC60200B4F607 /* Main.storyboard */ = {
			isa = PBXVariantGroup;
			children = (
				659BD64C283EC60200B4F607 /* Base */,
			);
			name = Main.storyboard;
			sourceTree = "<group>";
		};
		659BD653283EC60200B4F607 /* LaunchScreen.storyboard */ = {
			isa = PBXVariantGroup;
			children = (
				659BD654283EC60200B4F607 /* Base */,
			);
			name = LaunchScreen.storyboard;
			sourceTree = "<group>";
		};
/* End PBXVariantGroup section */

/* Begin XCBuildConfiguration section */
		659BD657283EC60200B4F607 /* Debug */ = {
			isa = XCBuildConfiguration;
			buildSettings = {
				ALWAYS_SEARCH_USER_PATHS = NO;
				CLANG_ANALYZER_NONNULL = YES;
				CLANG_ANALYZER_NUMBER_OBJECT_CONVERSION = YES_AGGRESSIVE;
				CLANG_CXX_LANGUAGE_STANDARD = "gnu++17";
				CLANG_ENABLE_MODULES = YES;
				CLANG_ENABLE_OBJC_ARC = YES;
				CLANG_ENABLE_OBJC_WEAK = YES;
				CLANG_WARN_BLOCK_CAPTURE_AUTORELEASING = YES;
				CLANG_WARN_BOOL_CONVERSION = YES;
				CLANG_WARN_COMMA = YES;
				CLANG_WARN_CONSTANT_CONVERSION = YES;
				CLANG_WARN_DEPRECATED_OBJC_IMPLEMENTATIONS = YES;
				CLANG_WARN_DIRECT_OBJC_ISA_USAGE = YES_ERROR;
				CLANG_WARN_DOCUMENTATION_COMMENTS = YES;
				CLANG_WARN_EMPTY_BODY = YES;
				CLANG_WARN_ENUM_CONVERSION = YES;
				CLANG_WARN_INFINITE_RECURSION = YES;
				CLANG_WARN_INT_CONVERSION = YES;
				CLANG_WARN_NON_LITERAL_NULL_CONVERSION = YES;
				CLANG_WARN_OBJC_IMPLICIT_RETAIN_SELF = YES;
				CLANG_WARN_OBJC_LITERAL_CONVERSION = YES;
				CLANG_WARN_OBJC_ROOT_CLASS = YES_ERROR;
				CLANG_WARN_QUOTED_INCLUDE_IN_FRAMEWORK_HEADER = YES;
				CLANG_WARN_RANGE_LOOP_ANALYSIS = YES;
				CLANG_WARN_STRICT_PROTOTYPES = YES;
				CLANG_WARN_SUSPICIOUS_MOVE = YES;
				CLANG_WARN_UNGUARDED_AVAILABILITY = YES_AGGRESSIVE;
				CLANG_WARN_UNREACHABLE_CODE = YES;
				CLANG_WARN__DUPLICATE_METHOD_MATCH = YES;
				COPY_PHASE_STRIP = NO;
				DEBUG_INFORMATION_FORMAT = dwarf;
				ENABLE_STRICT_OBJC_MSGSEND = YES;
				ENABLE_TESTABILITY = YES;
				GCC_C_LANGUAGE_STANDARD = gnu11;
				GCC_DYNAMIC_NO_PIC = NO;
				GCC_NO_COMMON_BLOCKS = YES;
				GCC_OPTIMIZATION_LEVEL = 0;
				GCC_PREPROCESSOR_DEFINITIONS = (
					"DEBUG=1",
					"$(inherited)",
				);
				GCC_WARN_64_TO_32_BIT_CONVERSION = YES;
				GCC_WARN_ABOUT_RETURN_TYPE = YES_ERROR;
				GCC_WARN_UNDECLARED_SELECTOR = YES;
				GCC_WARN_UNINITIALIZED_AUTOS = YES_AGGRESSIVE;
				GCC_WARN_UNUSED_FUNCTION = YES;
				GCC_WARN_UNUSED_VARIABLE = YES;
				IPHONEOS_DEPLOYMENT_TARGET = 15.4;
				MTL_ENABLE_DEBUG_INFO = INCLUDE_SOURCE;
				MTL_FAST_MATH = YES;
				ONLY_ACTIVE_ARCH = YES;
				SDKROOT = iphoneos;
				SWIFT_ACTIVE_COMPILATION_CONDITIONS = DEBUG;
				SWIFT_OPTIMIZATION_LEVEL = "-Onone";
			};
			name = Debug;
		};
		659BD658283EC60200B4F607 /* Release */ = {
			isa = XCBuildConfiguration;
			buildSettings = {
				ALWAYS_SEARCH_USER_PATHS = NO;
				CLANG_ANALYZER_NONNULL = YES;
				CLANG_ANALYZER_NUMBER_OBJECT_CONVERSION = YES_AGGRESSIVE;
				CLANG_CXX_LANGUAGE_STANDARD = "gnu++17";
				CLANG_ENABLE_MODULES = YES;
				CLANG_ENABLE_OBJC_ARC = YES;
				CLANG_ENABLE_OBJC_WEAK = YES;
				CLANG_WARN_BLOCK_CAPTURE_AUTORELEASING = YES;
				CLANG_WARN_BOOL_CONVERSION = YES;
				CLANG_WARN_COMMA = YES;
				CLANG_WARN_CONSTANT_CONVERSION = YES;
				CLANG_WARN_DEPRECATED_OBJC_IMPLEMENTATIONS = YES;
				CLANG_WARN_DIRECT_OBJC_ISA_USAGE = YES_ERROR;
				CLANG_WARN_DOCUMENTATION_COMMENTS = YES;
				CLANG_WARN_EMPTY_BODY = YES;
				CLANG_WARN_ENUM_CONVERSION = YES;
				CLANG_WARN_INFINITE_RECURSION = YES;
				CLANG_WARN_INT_CONVERSION = YES;
				CLANG_WARN_NON_LITERAL_NULL_CONVERSION = YES;
				CLANG_WARN_OBJC_IMPLICIT_RETAIN_SELF = YES;
				CLANG_WARN_OBJC_LITERAL_CONVERSION = YES;
				CLANG_WARN_OBJC_ROOT_CLASS = YES_ERROR;
				CLANG_WARN_QUOTED_INCLUDE_IN_FRAMEWORK_HEADER = YES;
				CLANG_WARN_RANGE_LOOP_ANALYSIS = YES;
				CLANG_WARN_STRICT_PROTOTYPES = YES;
				CLANG_WARN_SUSPICIOUS_MOVE = YES;
				CLANG_WARN_UNGUARDED_AVAILABILITY = YES_AGGRESSIVE;
				CLANG_WARN_UNREACHABLE_CODE = YES;
				CLANG_WARN__DUPLICATE_METHOD_MATCH = YES;
				COPY_PHASE_STRIP = NO;
				DEBUG_INFORMATION_FORMAT = "dwarf-with-dsym";
				ENABLE_NS_ASSERTIONS = NO;
				ENABLE_STRICT_OBJC_MSGSEND = YES;
				GCC_C_LANGUAGE_STANDARD = gnu11;
				GCC_NO_COMMON_BLOCKS = YES;
				GCC_WARN_64_TO_32_BIT_CONVERSION = YES;
				GCC_WARN_ABOUT_RETURN_TYPE = YES_ERROR;
				GCC_WARN_UNDECLARED_SELECTOR = YES;
				GCC_WARN_UNINITIALIZED_AUTOS = YES_AGGRESSIVE;
				GCC_WARN_UNUSED_FUNCTION = YES;
				GCC_WARN_UNUSED_VARIABLE = YES;
				IPHONEOS_DEPLOYMENT_TARGET = 15.4;
				MTL_ENABLE_DEBUG_INFO = NO;
				MTL_FAST_MATH = YES;
				SDKROOT = iphoneos;
				SWIFT_COMPILATION_MODE = wholemodule;
				SWIFT_OPTIMIZATION_LEVEL = "-O";
				VALIDATE_PRODUCT = YES;
			};
			name = Release;
		};
		659BD65A283EC60200B4F607 /* Debug */ = {
			isa = XCBuildConfiguration;
			baseConfigurationReference = 793437FC425240BA3B09844F /* Pods-iOS-Movie-App.debug.xcconfig */;
			buildSettings = {
				ASSETCATALOG_COMPILER_APPICON_NAME = AppIcon;
				ASSETCATALOG_COMPILER_GLOBAL_ACCENT_COLOR_NAME = AccentColor;
				CODE_SIGN_STYLE = Automatic;
				CURRENT_PROJECT_VERSION = 1;
				DEVELOPMENT_TEAM = PQMT2HGFNZ;
				GENERATE_INFOPLIST_FILE = YES;
				INFOPLIST_FILE = "iOS-Movie-App/Info.plist";
				INFOPLIST_KEY_UIApplicationSupportsIndirectInputEvents = YES;
				INFOPLIST_KEY_UILaunchStoryboardName = LaunchScreen;
				INFOPLIST_KEY_UIMainStoryboardFile = Main;
				INFOPLIST_KEY_UISupportedInterfaceOrientations_iPad = "UIInterfaceOrientationPortrait UIInterfaceOrientationPortraitUpsideDown UIInterfaceOrientationLandscapeLeft UIInterfaceOrientationLandscapeRight";
				INFOPLIST_KEY_UISupportedInterfaceOrientations_iPhone = "UIInterfaceOrientationPortrait UIInterfaceOrientationLandscapeLeft UIInterfaceOrientationLandscapeRight";
				LD_RUNPATH_SEARCH_PATHS = (
					"$(inherited)",
					"@executable_path/Frameworks",
				);
				MARKETING_VERSION = 1.0;
				PRODUCT_BUNDLE_IDENTIFIER = "com.burakyilmaz.iOS-Movie-App";
				PRODUCT_NAME = "$(TARGET_NAME)";
				SWIFT_EMIT_LOC_STRINGS = YES;
				SWIFT_VERSION = 5.0;
				TARGETED_DEVICE_FAMILY = "1,2";
			};
			name = Debug;
		};
		659BD65B283EC60200B4F607 /* Release */ = {
			isa = XCBuildConfiguration;
			baseConfigurationReference = 45BE453EB6C7886368DA1A37 /* Pods-iOS-Movie-App.release.xcconfig */;
			buildSettings = {
				ASSETCATALOG_COMPILER_APPICON_NAME = AppIcon;
				ASSETCATALOG_COMPILER_GLOBAL_ACCENT_COLOR_NAME = AccentColor;
				CODE_SIGN_STYLE = Automatic;
				CURRENT_PROJECT_VERSION = 1;
				DEVELOPMENT_TEAM = PQMT2HGFNZ;
				GENERATE_INFOPLIST_FILE = YES;
				INFOPLIST_FILE = "iOS-Movie-App/Info.plist";
				INFOPLIST_KEY_UIApplicationSupportsIndirectInputEvents = YES;
				INFOPLIST_KEY_UILaunchStoryboardName = LaunchScreen;
				INFOPLIST_KEY_UIMainStoryboardFile = Main;
				INFOPLIST_KEY_UISupportedInterfaceOrientations_iPad = "UIInterfaceOrientationPortrait UIInterfaceOrientationPortraitUpsideDown UIInterfaceOrientationLandscapeLeft UIInterfaceOrientationLandscapeRight";
				INFOPLIST_KEY_UISupportedInterfaceOrientations_iPhone = "UIInterfaceOrientationPortrait UIInterfaceOrientationLandscapeLeft UIInterfaceOrientationLandscapeRight";
				LD_RUNPATH_SEARCH_PATHS = (
					"$(inherited)",
					"@executable_path/Frameworks",
				);
				MARKETING_VERSION = 1.0;
				PRODUCT_BUNDLE_IDENTIFIER = "com.burakyilmaz.iOS-Movie-App";
				PRODUCT_NAME = "$(TARGET_NAME)";
				SWIFT_EMIT_LOC_STRINGS = YES;
				SWIFT_VERSION = 5.0;
				TARGETED_DEVICE_FAMILY = "1,2";
			};
			name = Release;
		};
/* End XCBuildConfiguration section */

/* Begin XCConfigurationList section */
		659BD63D283EC60200B4F607 /* Build configuration list for PBXProject "iOS-Movie-App" */ = {
			isa = XCConfigurationList;
			buildConfigurations = (
				659BD657283EC60200B4F607 /* Debug */,
				659BD658283EC60200B4F607 /* Release */,
			);
			defaultConfigurationIsVisible = 0;
			defaultConfigurationName = Release;
		};
		659BD659283EC60200B4F607 /* Build configuration list for PBXNativeTarget "iOS-Movie-App" */ = {
			isa = XCConfigurationList;
			buildConfigurations = (
				659BD65A283EC60200B4F607 /* Debug */,
				659BD65B283EC60200B4F607 /* Release */,
			);
			defaultConfigurationIsVisible = 0;
			defaultConfigurationName = Release;
		};
/* End XCConfigurationList section */

/* Begin XCVersionGroup section */
		659BD64E283EC60200B4F607 /* iOS_Movie_App.xcdatamodeld */ = {
			isa = XCVersionGroup;
			children = (
				659BD64F283EC60200B4F607 /* iOS_Movie_App.xcdatamodel */,
			);
			currentVersion = 659BD64F283EC60200B4F607 /* iOS_Movie_App.xcdatamodel */;
			path = iOS_Movie_App.xcdatamodeld;
			sourceTree = "<group>";
			versionGroupType = wrapper.xcdatamodel;
		};
/* End XCVersionGroup section */
	};
	rootObject = 659BD63A283EC60200B4F607 /* Project object */;
}
